// !$*UTF8*$!
{
	archiveVersion = 1;
	classes = {
	};
	objectVersion = 51;
	objects = {

/* Begin PBXBuildFile section */
		06D42497A9CA2B43B6BC8F47 /* Assets in Resources */ = {isa = PBXBuildFile; fileRef = 5D972CC66FB680A102534176 /* Assets */; };
		09056514558C1C65C07E24BF /* CompletionList.swift in Sources */ = {isa = PBXBuildFile; fileRef = 44C2E42084CF2C3B5E71E497 /* CompletionList.swift */; };
		093844219346610276E70DE8 /* EPUBNavigatorViewController.swift in Sources */ = {isa = PBXBuildFile; fileRef = 662713F3327F9EF154B39BE7 /* EPUBNavigatorViewController.swift */; };
		0F57B0280771405B66C75A9F /* AudioNavigator.swift in Sources */ = {isa = PBXBuildFile; fileRef = D440D156DE35152103F6165C /* AudioNavigator.swift */; };
		0F5F209684056DF08833CB74 /* Bundle.swift in Sources */ = {isa = PBXBuildFile; fileRef = B21B077F63CC0F9E659C11B8 /* Bundle.swift */; };
		195C981B0E8A98F4D443EFE0 /* Navigator.swift in Sources */ = {isa = PBXBuildFile; fileRef = 86E035BBE1F1E48CA773831C /* Navigator.swift */; };
		1D4216E5C0BA387CDAABCBCA /* PDFDocumentHolder.swift in Sources */ = {isa = PBXBuildFile; fileRef = 3038E23CF2927A8CA8AFD040 /* PDFDocumentHolder.swift */; };
		1DBAE9D956F51277170B9F6D /* PDFDocumentView.swift in Sources */ = {isa = PBXBuildFile; fileRef = 31A8B5B74F18492D2567024A /* PDFDocumentView.swift */; };
		2E05AC417E6376B458BC2341 /* MediaNavigator.swift in Sources */ = {isa = PBXBuildFile; fileRef = 4EA1EFC5ACA6F1A7481DC9ED /* MediaNavigator.swift */; };
		40FF2983381DF48F7D836D1B /* EPUBFixedSpreadView.swift in Sources */ = {isa = PBXBuildFile; fileRef = 66B4946C4CDB6A43CA976023 /* EPUBFixedSpreadView.swift */; };
		4899CA3D70050E0B1D248EB4 /* ImageViewController.swift in Sources */ = {isa = PBXBuildFile; fileRef = 331D470DE1F56F5CE5564AF6 /* ImageViewController.swift */; };
		5281D0F0E22A8C396213A0B1 /* UIColor.swift in Sources */ = {isa = PBXBuildFile; fileRef = 130C5618291A5028F0BEBE35 /* UIColor.swift */; };
		5EA77ED675E7AF10B6C3C553 /* EPUBSpreadView.swift in Sources */ = {isa = PBXBuildFile; fileRef = 840C8801C7EEA171C33DD983 /* EPUBSpreadView.swift */; };
		75C8188B0E7A283CB2A4F6DF /* TargetAction.swift in Sources */ = {isa = PBXBuildFile; fileRef = C3A519315FB0DA8CEC5AF0E1 /* TargetAction.swift */; };
		77EF1ED7D3D081BB743FB27F /* EditingAction.swift in Sources */ = {isa = PBXBuildFile; fileRef = E01A8B5993458A3D3782BF60 /* EditingAction.swift */; };
		7C4C5741EA5D24740D4E8E2D /* PDFTapGestureController.swift in Sources */ = {isa = PBXBuildFile; fileRef = 9A5FB445C75AA31FB25BD2ED /* PDFTapGestureController.swift */; };
		8F9A91792D42D0A3B078ACB8 /* WKWebView.swift in Sources */ = {isa = PBXBuildFile; fileRef = 2BB825199ABD0E5F79723533 /* WKWebView.swift */; };
		966F49D82D5801FE0904579A /* Localizable.strings in Resources */ = {isa = PBXBuildFile; fileRef = D45E6BB56FDE61204428297D /* Localizable.strings */; };
		A783E1B7BF9AFE90C95FA877 /* r2-navigator-swift.h in Headers */ = {isa = PBXBuildFile; fileRef = B10897217680341853FF818A /* r2-navigator-swift.h */; settings = {ATTRIBUTES = (Public, ); }; };
		AB09734EBA4DC40DCE3FE432 /* PublicationMediaLoader.swift in Sources */ = {isa = PBXBuildFile; fileRef = B6BC4E4D2F58268FA1789A79 /* PublicationMediaLoader.swift */; };
		AB8C91609B6BDBBE22E998E5 /* Minizip.xcframework in Frameworks */ = {isa = PBXBuildFile; fileRef = BF86506BF19520C343F42B23 /* Minizip.xcframework */; };
		AD04EA500D8B8102138AF252 /* CBZNavigatorViewController.swift in Sources */ = {isa = PBXBuildFile; fileRef = 79DED54B3FEC3FE52F449F6D /* CBZNavigatorViewController.swift */; };
		AFF98C58D7EB9E00D74E278A /* VisualNavigator.swift in Sources */ = {isa = PBXBuildFile; fileRef = C03C26E7D8836F3A550D8B4F /* VisualNavigator.swift */; };
		B3C2124403BE347C41AA288A /* UserSettings.swift in Sources */ = {isa = PBXBuildFile; fileRef = 2C7DAFEE6D2F4E023F49E78A /* UserSettings.swift */; };
		B66A0163922D36872FCAE8EE /* UIView.swift in Sources */ = {isa = PBXBuildFile; fileRef = 7F5B0D2496801B636236BA1B /* UIView.swift */; };
		B8BB8E5EA05581A99CE5C910 /* WebView.swift in Sources */ = {isa = PBXBuildFile; fileRef = D99B11DE979D0EBA1AB8A26C /* WebView.swift */; };
		CBDC187139457078B0544837 /* R2NavigatorLocalizedString.swift in Sources */ = {isa = PBXBuildFile; fileRef = FE4B7CA499653CBD2AE3612B /* R2NavigatorLocalizedString.swift */; };
		CCA47AA362FF5D4D56C162E1 /* R2Shared.xcframework in Frameworks */ = {isa = PBXBuildFile; fileRef = 7BD382BFACB85B2683A207C5 /* R2Shared.xcframework */; };
		D28AC6A4ABD6A5CC1CB79244 /* Fuzi.xcframework in Frameworks */ = {isa = PBXBuildFile; fileRef = 4437EAB7C7D94EE22F119810 /* Fuzi.xcframework */; };
		D40F3A4D17DF514400B7139B /* SwiftSoup.xcframework in Frameworks */ = {isa = PBXBuildFile; fileRef = 3B21569803AE9C0E2203616F /* SwiftSoup.xcframework */; };
		E058488D9B2A7C2919AD63C7 /* PDFNavigatorViewController.swift in Sources */ = {isa = PBXBuildFile; fileRef = 5DA656E49C24446310A6D5BA /* PDFNavigatorViewController.swift */; };
		E4548997AAC8BA2AFFAA5F81 /* PaginationView.swift in Sources */ = {isa = PBXBuildFile; fileRef = 445ECE8AECD921ADA1E4E637 /* PaginationView.swift */; };
		E8CEFBBDDC4AD89BA1F631C8 /* EPUBSpread.swift in Sources */ = {isa = PBXBuildFile; fileRef = BBB63357E84882918E348DD5 /* EPUBSpread.swift */; };
		F283B04BA51AD013ADEA26EC /* EPUBReflowableSpreadView.swift in Sources */ = {isa = PBXBuildFile; fileRef = 407D67BA1D37A0369A0A3945 /* EPUBReflowableSpreadView.swift */; };
/* End PBXBuildFile section */

/* Begin PBXFileReference section */
		130C5618291A5028F0BEBE35 /* UIColor.swift */ = {isa = PBXFileReference; lastKnownFileType = sourcecode.swift; path = UIColor.swift; sourceTree = "<group>"; };
		239828A13F8C44648FBD96D0 /* r2-navigator-swift.framework */ = {isa = PBXFileReference; explicitFileType = wrapper.framework; includeInIndex = 0; path = "r2-navigator-swift.framework"; sourceTree = BUILT_PRODUCTS_DIR; };
		2BB825199ABD0E5F79723533 /* WKWebView.swift */ = {isa = PBXFileReference; lastKnownFileType = sourcecode.swift; path = WKWebView.swift; sourceTree = "<group>"; };
		2C7DAFEE6D2F4E023F49E78A /* UserSettings.swift */ = {isa = PBXFileReference; lastKnownFileType = sourcecode.swift; path = UserSettings.swift; sourceTree = "<group>"; };
		3038E23CF2927A8CA8AFD040 /* PDFDocumentHolder.swift */ = {isa = PBXFileReference; lastKnownFileType = sourcecode.swift; path = PDFDocumentHolder.swift; sourceTree = "<group>"; };
		31A8B5B74F18492D2567024A /* PDFDocumentView.swift */ = {isa = PBXFileReference; lastKnownFileType = sourcecode.swift; path = PDFDocumentView.swift; sourceTree = "<group>"; };
		331D470DE1F56F5CE5564AF6 /* ImageViewController.swift */ = {isa = PBXFileReference; lastKnownFileType = sourcecode.swift; path = ImageViewController.swift; sourceTree = "<group>"; };
		3B21569803AE9C0E2203616F /* SwiftSoup.xcframework */ = {isa = PBXFileReference; lastKnownFileType = wrapper.xcframework; name = SwiftSoup.xcframework; path = Carthage/Build/SwiftSoup.xcframework; sourceTree = "<group>"; };
		407D67BA1D37A0369A0A3945 /* EPUBReflowableSpreadView.swift */ = {isa = PBXFileReference; lastKnownFileType = sourcecode.swift; path = EPUBReflowableSpreadView.swift; sourceTree = "<group>"; };
		4437EAB7C7D94EE22F119810 /* Fuzi.xcframework */ = {isa = PBXFileReference; lastKnownFileType = wrapper.xcframework; name = Fuzi.xcframework; path = Carthage/Build/Fuzi.xcframework; sourceTree = "<group>"; };
		445ECE8AECD921ADA1E4E637 /* PaginationView.swift */ = {isa = PBXFileReference; lastKnownFileType = sourcecode.swift; path = PaginationView.swift; sourceTree = "<group>"; };
		44C2E42084CF2C3B5E71E497 /* CompletionList.swift */ = {isa = PBXFileReference; lastKnownFileType = sourcecode.swift; path = CompletionList.swift; sourceTree = "<group>"; };
		4EA1EFC5ACA6F1A7481DC9ED /* MediaNavigator.swift */ = {isa = PBXFileReference; lastKnownFileType = sourcecode.swift; path = MediaNavigator.swift; sourceTree = "<group>"; };
		5D972CC66FB680A102534176 /* Assets */ = {isa = PBXFileReference; lastKnownFileType = folder; name = Assets; path = "r2-navigator-swift/EPUB/Assets"; sourceTree = SOURCE_ROOT; };
		5DA656E49C24446310A6D5BA /* PDFNavigatorViewController.swift */ = {isa = PBXFileReference; lastKnownFileType = sourcecode.swift; path = PDFNavigatorViewController.swift; sourceTree = "<group>"; };
		662713F3327F9EF154B39BE7 /* EPUBNavigatorViewController.swift */ = {isa = PBXFileReference; lastKnownFileType = sourcecode.swift; path = EPUBNavigatorViewController.swift; sourceTree = "<group>"; };
		66B4946C4CDB6A43CA976023 /* EPUBFixedSpreadView.swift */ = {isa = PBXFileReference; lastKnownFileType = sourcecode.swift; path = EPUBFixedSpreadView.swift; sourceTree = "<group>"; };
		67D56D24CC91E8236C076D4D /* Info.plist */ = {isa = PBXFileReference; lastKnownFileType = text.plist; path = Info.plist; sourceTree = "<group>"; };
		79DED54B3FEC3FE52F449F6D /* CBZNavigatorViewController.swift */ = {isa = PBXFileReference; lastKnownFileType = sourcecode.swift; path = CBZNavigatorViewController.swift; sourceTree = "<group>"; };
		7BD382BFACB85B2683A207C5 /* R2Shared.xcframework */ = {isa = PBXFileReference; lastKnownFileType = wrapper.xcframework; name = R2Shared.xcframework; path = Carthage/Build/R2Shared.xcframework; sourceTree = "<group>"; };
		7F5B0D2496801B636236BA1B /* UIView.swift */ = {isa = PBXFileReference; lastKnownFileType = sourcecode.swift; path = UIView.swift; sourceTree = "<group>"; };
		840C8801C7EEA171C33DD983 /* EPUBSpreadView.swift */ = {isa = PBXFileReference; lastKnownFileType = sourcecode.swift; path = EPUBSpreadView.swift; sourceTree = "<group>"; };
		86E035BBE1F1E48CA773831C /* Navigator.swift */ = {isa = PBXFileReference; lastKnownFileType = sourcecode.swift; path = Navigator.swift; sourceTree = "<group>"; };
		9A5FB445C75AA31FB25BD2ED /* PDFTapGestureController.swift */ = {isa = PBXFileReference; lastKnownFileType = sourcecode.swift; path = PDFTapGestureController.swift; sourceTree = "<group>"; };
		B10897217680341853FF818A /* r2-navigator-swift.h */ = {isa = PBXFileReference; lastKnownFileType = sourcecode.c.h; path = "r2-navigator-swift.h"; sourceTree = "<group>"; };
		B21B077F63CC0F9E659C11B8 /* Bundle.swift */ = {isa = PBXFileReference; lastKnownFileType = sourcecode.swift; path = Bundle.swift; sourceTree = "<group>"; };
		B6BC4E4D2F58268FA1789A79 /* PublicationMediaLoader.swift */ = {isa = PBXFileReference; lastKnownFileType = sourcecode.swift; path = PublicationMediaLoader.swift; sourceTree = "<group>"; };
		BA664E4C0C21D045CD00BBA7 /* en */ = {isa = PBXFileReference; lastKnownFileType = text.plist.strings; name = en; path = en.lproj/Localizable.strings; sourceTree = "<group>"; };
		BBB63357E84882918E348DD5 /* EPUBSpread.swift */ = {isa = PBXFileReference; lastKnownFileType = sourcecode.swift; path = EPUBSpread.swift; sourceTree = "<group>"; };
		BF86506BF19520C343F42B23 /* Minizip.xcframework */ = {isa = PBXFileReference; lastKnownFileType = wrapper.xcframework; name = Minizip.xcframework; path = Carthage/Build/Minizip.xcframework; sourceTree = "<group>"; };
		C03C26E7D8836F3A550D8B4F /* VisualNavigator.swift */ = {isa = PBXFileReference; lastKnownFileType = sourcecode.swift; path = VisualNavigator.swift; sourceTree = "<group>"; };
		C3A519315FB0DA8CEC5AF0E1 /* TargetAction.swift */ = {isa = PBXFileReference; lastKnownFileType = sourcecode.swift; path = TargetAction.swift; sourceTree = "<group>"; };
		D440D156DE35152103F6165C /* AudioNavigator.swift */ = {isa = PBXFileReference; lastKnownFileType = sourcecode.swift; path = AudioNavigator.swift; sourceTree = "<group>"; };
		D99B11DE979D0EBA1AB8A26C /* WebView.swift */ = {isa = PBXFileReference; lastKnownFileType = sourcecode.swift; path = WebView.swift; sourceTree = "<group>"; };
		E01A8B5993458A3D3782BF60 /* EditingAction.swift */ = {isa = PBXFileReference; lastKnownFileType = sourcecode.swift; path = EditingAction.swift; sourceTree = "<group>"; };
		FE4B7CA499653CBD2AE3612B /* R2NavigatorLocalizedString.swift */ = {isa = PBXFileReference; lastKnownFileType = sourcecode.swift; path = R2NavigatorLocalizedString.swift; sourceTree = "<group>"; };
/* End PBXFileReference section */

/* Begin PBXFrameworksBuildPhase section */
		EFFD271FBC69B61F97C5E6E0 /* Frameworks */ = {
			isa = PBXFrameworksBuildPhase;
			buildActionMask = 2147483647;
			files = (
				D28AC6A4ABD6A5CC1CB79244 /* Fuzi.xcframework in Frameworks */,
				AB8C91609B6BDBBE22E998E5 /* Minizip.xcframework in Frameworks */,
				CCA47AA362FF5D4D56C162E1 /* R2Shared.xcframework in Frameworks */,
				D40F3A4D17DF514400B7139B /* SwiftSoup.xcframework in Frameworks */,
			);
			runOnlyForDeploymentPostprocessing = 0;
		};
/* End PBXFrameworksBuildPhase section */

/* Begin PBXGroup section */
		416DDDEEC4F6C08093768BE5 = {
			isa = PBXGroup;
			children = (
				5D972CC66FB680A102534176 /* Assets */,
				E2830D7CB56ECF76F017CD52 /* r2-navigator-swift */,
				7876D2E3FAA4CE9468FFBE53 /* Frameworks */,
				7A5C7ADC174BE3204FA1E3A8 /* Products */,
			);
			sourceTree = "<group>";
		};
		55841A4F18967A0C8379C188 /* Resources */ = {
			isa = PBXGroup;
			children = (
				D45E6BB56FDE61204428297D /* Localizable.strings */,
			);
			path = Resources;
			sourceTree = "<group>";
		};
		5CF51DCA9275C5DA6E16F2AD /* Audiobook */ = {
			isa = PBXGroup;
			children = (
				D440D156DE35152103F6165C /* AudioNavigator.swift */,
				B6BC4E4D2F58268FA1789A79 /* PublicationMediaLoader.swift */,
			);
			path = Audiobook;
			sourceTree = "<group>";
		};
		7876D2E3FAA4CE9468FFBE53 /* Frameworks */ = {
			isa = PBXGroup;
			children = (
				4437EAB7C7D94EE22F119810 /* Fuzi.xcframework */,
				BF86506BF19520C343F42B23 /* Minizip.xcframework */,
				7BD382BFACB85B2683A207C5 /* R2Shared.xcframework */,
				3B21569803AE9C0E2203616F /* SwiftSoup.xcframework */,
			);
			name = Frameworks;
			sourceTree = "<group>";
		};
		7A5C7ADC174BE3204FA1E3A8 /* Products */ = {
			isa = PBXGroup;
			children = (
				239828A13F8C44648FBD96D0 /* r2-navigator-swift.framework */,
			);
			name = Products;
			sourceTree = "<group>";
		};
		916867F2F657A5104EEBC1D3 /* Toolkit */ = {
			isa = PBXGroup;
			children = (
				44C2E42084CF2C3B5E71E497 /* CompletionList.swift */,
				445ECE8AECD921ADA1E4E637 /* PaginationView.swift */,
				FE4B7CA499653CBD2AE3612B /* R2NavigatorLocalizedString.swift */,
				C3A519315FB0DA8CEC5AF0E1 /* TargetAction.swift */,
				130C5618291A5028F0BEBE35 /* UIColor.swift */,
				7F5B0D2496801B636236BA1B /* UIView.swift */,
				D99B11DE979D0EBA1AB8A26C /* WebView.swift */,
				9C62D86EAA090DC2FDBE3128 /* Extensions */,
			);
			path = Toolkit;
			sourceTree = "<group>";
		};
		9C62D86EAA090DC2FDBE3128 /* Extensions */ = {
			isa = PBXGroup;
			children = (
				B21B077F63CC0F9E659C11B8 /* Bundle.swift */,
				2BB825199ABD0E5F79723533 /* WKWebView.swift */,
			);
			path = Extensions;
			sourceTree = "<group>";
		};
		9EFFC36EBD2A0B7189A97679 /* PDF */ = {
			isa = PBXGroup;
			children = (
				3038E23CF2927A8CA8AFD040 /* PDFDocumentHolder.swift */,
				31A8B5B74F18492D2567024A /* PDFDocumentView.swift */,
				5DA656E49C24446310A6D5BA /* PDFNavigatorViewController.swift */,
				9A5FB445C75AA31FB25BD2ED /* PDFTapGestureController.swift */,
			);
			path = PDF;
			sourceTree = "<group>";
		};
		D801DACCE9A33BBCD48C2077 /* EPUB */ = {
			isa = PBXGroup;
			children = (
				66B4946C4CDB6A43CA976023 /* EPUBFixedSpreadView.swift */,
				662713F3327F9EF154B39BE7 /* EPUBNavigatorViewController.swift */,
				407D67BA1D37A0369A0A3945 /* EPUBReflowableSpreadView.swift */,
				BBB63357E84882918E348DD5 /* EPUBSpread.swift */,
				840C8801C7EEA171C33DD983 /* EPUBSpreadView.swift */,
				2C7DAFEE6D2F4E023F49E78A /* UserSettings.swift */,
			);
			path = EPUB;
			sourceTree = "<group>";
		};
		E2830D7CB56ECF76F017CD52 /* r2-navigator-swift */ = {
			isa = PBXGroup;
			children = (
				E01A8B5993458A3D3782BF60 /* EditingAction.swift */,
				67D56D24CC91E8236C076D4D /* Info.plist */,
				4EA1EFC5ACA6F1A7481DC9ED /* MediaNavigator.swift */,
				86E035BBE1F1E48CA773831C /* Navigator.swift */,
				B10897217680341853FF818A /* r2-navigator-swift.h */,
				C03C26E7D8836F3A550D8B4F /* VisualNavigator.swift */,
				5CF51DCA9275C5DA6E16F2AD /* Audiobook */,
				EB870D2839BFC50DBFE4C090 /* CBZ */,
				D801DACCE9A33BBCD48C2077 /* EPUB */,
				9EFFC36EBD2A0B7189A97679 /* PDF */,
				55841A4F18967A0C8379C188 /* Resources */,
				916867F2F657A5104EEBC1D3 /* Toolkit */,
			);
			path = "r2-navigator-swift";
			sourceTree = "<group>";
		};
		EB870D2839BFC50DBFE4C090 /* CBZ */ = {
			isa = PBXGroup;
			children = (
				79DED54B3FEC3FE52F449F6D /* CBZNavigatorViewController.swift */,
				331D470DE1F56F5CE5564AF6 /* ImageViewController.swift */,
			);
			path = CBZ;
			sourceTree = "<group>";
		};
		"TEMP_5A815BF4-BC5E-4D07-968C-5795A66FC2EE" /* Static */ = {
			isa = PBXGroup;
			children = (
			);
			path = Static;
			sourceTree = "<group>";
		};
		"TEMP_DDC1D8C8-67E9-4CCD-9C28-E11DAB1DF8AF" /* Resources */ = {
			isa = PBXGroup;
			children = (
			);
			path = Resources;
			sourceTree = "<group>";
		};
/* End PBXGroup section */

/* Begin PBXHeadersBuildPhase section */
		C3A9CB1E2B9F27AB798056EA /* Headers */ = {
			isa = PBXHeadersBuildPhase;
			buildActionMask = 2147483647;
			files = (
				A783E1B7BF9AFE90C95FA877 /* r2-navigator-swift.h in Headers */,
			);
			runOnlyForDeploymentPostprocessing = 0;
		};
/* End PBXHeadersBuildPhase section */

/* Begin PBXNativeTarget section */
		61E978FEA094E7213779FA1D /* r2-navigator-swift */ = {
			isa = PBXNativeTarget;
			buildConfigurationList = 25AD6ADFAF320D567ABCD6BF /* Build configuration list for PBXNativeTarget "r2-navigator-swift" */;
			buildPhases = (
				C3A9CB1E2B9F27AB798056EA /* Headers */,
				32D3CAEC4F8D317C7BA8DC02 /* Sources */,
				A74F2A911719719AB74948FF /* Resources */,
				EFFD271FBC69B61F97C5E6E0 /* Frameworks */,
			);
			buildRules = (
			);
			dependencies = (
			);
			name = "r2-navigator-swift";
			productName = "r2-navigator-swift";
			productReference = 239828A13F8C44648FBD96D0 /* r2-navigator-swift.framework */;
			productType = "com.apple.product-type.framework";
		};
/* End PBXNativeTarget section */

/* Begin PBXProject section */
		B54A9C4F3D5EA69ACDC65796 /* Project object */ = {
			isa = PBXProject;
			attributes = {
				LastUpgradeCheck = 1200;
				TargetAttributes = {
				};
			};
			buildConfigurationList = 09BEC443704EC55361A34134 /* Build configuration list for PBXProject "r2-navigator-swift" */;
			compatibilityVersion = "Xcode 10.0";
			developmentRegion = en;
			hasScannedForEncodings = 0;
			knownRegions = (
				Base,
				en,
			);
			mainGroup = 416DDDEEC4F6C08093768BE5;
			projectDirPath = "";
			projectRoot = "";
			targets = (
				61E978FEA094E7213779FA1D /* r2-navigator-swift */,
			);
		};
/* End PBXProject section */

/* Begin PBXResourcesBuildPhase section */
		A74F2A911719719AB74948FF /* Resources */ = {
			isa = PBXResourcesBuildPhase;
			buildActionMask = 2147483647;
			files = (
				06D42497A9CA2B43B6BC8F47 /* Assets in Resources */,
				966F49D82D5801FE0904579A /* Localizable.strings in Resources */,
			);
			runOnlyForDeploymentPostprocessing = 0;
		};
/* End PBXResourcesBuildPhase section */

/* Begin PBXSourcesBuildPhase section */
		32D3CAEC4F8D317C7BA8DC02 /* Sources */ = {
			isa = PBXSourcesBuildPhase;
			buildActionMask = 2147483647;
			files = (
				0F57B0280771405B66C75A9F /* AudioNavigator.swift in Sources */,
				0F5F209684056DF08833CB74 /* Bundle.swift in Sources */,
				AD04EA500D8B8102138AF252 /* CBZNavigatorViewController.swift in Sources */,
				09056514558C1C65C07E24BF /* CompletionList.swift in Sources */,
				40FF2983381DF48F7D836D1B /* EPUBFixedSpreadView.swift in Sources */,
				093844219346610276E70DE8 /* EPUBNavigatorViewController.swift in Sources */,
				F283B04BA51AD013ADEA26EC /* EPUBReflowableSpreadView.swift in Sources */,
				E8CEFBBDDC4AD89BA1F631C8 /* EPUBSpread.swift in Sources */,
				5EA77ED675E7AF10B6C3C553 /* EPUBSpreadView.swift in Sources */,
				77EF1ED7D3D081BB743FB27F /* EditingAction.swift in Sources */,
				4899CA3D70050E0B1D248EB4 /* ImageViewController.swift in Sources */,
				2E05AC417E6376B458BC2341 /* MediaNavigator.swift in Sources */,
				195C981B0E8A98F4D443EFE0 /* Navigator.swift in Sources */,
				1D4216E5C0BA387CDAABCBCA /* PDFDocumentHolder.swift in Sources */,
				1DBAE9D956F51277170B9F6D /* PDFDocumentView.swift in Sources */,
				E058488D9B2A7C2919AD63C7 /* PDFNavigatorViewController.swift in Sources */,
				7C4C5741EA5D24740D4E8E2D /* PDFTapGestureController.swift in Sources */,
				E4548997AAC8BA2AFFAA5F81 /* PaginationView.swift in Sources */,
				AB09734EBA4DC40DCE3FE432 /* PublicationMediaLoader.swift in Sources */,
				CBDC187139457078B0544837 /* R2NavigatorLocalizedString.swift in Sources */,
				75C8188B0E7A283CB2A4F6DF /* TargetAction.swift in Sources */,
				5281D0F0E22A8C396213A0B1 /* UIColor.swift in Sources */,
				B66A0163922D36872FCAE8EE /* UIView.swift in Sources */,
				B3C2124403BE347C41AA288A /* UserSettings.swift in Sources */,
				AFF98C58D7EB9E00D74E278A /* VisualNavigator.swift in Sources */,
				8F9A91792D42D0A3B078ACB8 /* WKWebView.swift in Sources */,
				B8BB8E5EA05581A99CE5C910 /* WebView.swift in Sources */,
			);
			runOnlyForDeploymentPostprocessing = 0;
		};
/* End PBXSourcesBuildPhase section */

/* Begin PBXVariantGroup section */
		D45E6BB56FDE61204428297D /* Localizable.strings */ = {
			isa = PBXVariantGroup;
			children = (
				BA664E4C0C21D045CD00BBA7 /* en */,
			);
			name = Localizable.strings;
			sourceTree = "<group>";
		};
/* End PBXVariantGroup section */

/* Begin XCBuildConfiguration section */
		5B3E49252F828F166CAF03E5 /* Debug */ = {
			isa = XCBuildConfiguration;
			buildSettings = {
				ALWAYS_SEARCH_USER_PATHS = NO;
				CLANG_ANALYZER_NONNULL = YES;
				CLANG_ANALYZER_NUMBER_OBJECT_CONVERSION = YES_AGGRESSIVE;
				CLANG_CXX_LANGUAGE_STANDARD = "gnu++14";
				CLANG_CXX_LIBRARY = "libc++";
				CLANG_ENABLE_MODULES = YES;
				CLANG_ENABLE_OBJC_ARC = YES;
				CLANG_ENABLE_OBJC_WEAK = YES;
				CLANG_WARN_BLOCK_CAPTURE_AUTORELEASING = YES;
				CLANG_WARN_BOOL_CONVERSION = YES;
				CLANG_WARN_COMMA = YES;
				CLANG_WARN_CONSTANT_CONVERSION = YES;
				CLANG_WARN_DEPRECATED_OBJC_IMPLEMENTATIONS = YES;
				CLANG_WARN_DIRECT_OBJC_ISA_USAGE = YES_ERROR;
				CLANG_WARN_DOCUMENTATION_COMMENTS = YES;
				CLANG_WARN_EMPTY_BODY = YES;
				CLANG_WARN_ENUM_CONVERSION = YES;
				CLANG_WARN_INFINITE_RECURSION = YES;
				CLANG_WARN_INT_CONVERSION = YES;
				CLANG_WARN_NON_LITERAL_NULL_CONVERSION = YES;
				CLANG_WARN_OBJC_IMPLICIT_RETAIN_SELF = YES;
				CLANG_WARN_OBJC_LITERAL_CONVERSION = YES;
				CLANG_WARN_OBJC_ROOT_CLASS = YES_ERROR;
				CLANG_WARN_QUOTED_INCLUDE_IN_FRAMEWORK_HEADER = YES;
				CLANG_WARN_RANGE_LOOP_ANALYSIS = YES;
				CLANG_WARN_STRICT_PROTOTYPES = YES;
				CLANG_WARN_SUSPICIOUS_MOVE = YES;
				CLANG_WARN_UNGUARDED_AVAILABILITY = YES_AGGRESSIVE;
				CLANG_WARN_UNREACHABLE_CODE = YES;
				CLANG_WARN__DUPLICATE_METHOD_MATCH = YES;
				COPY_PHASE_STRIP = NO;
				DEBUG_INFORMATION_FORMAT = dwarf;
				ENABLE_STRICT_OBJC_MSGSEND = YES;
				ENABLE_TESTABILITY = YES;
				GCC_C_LANGUAGE_STANDARD = gnu11;
				GCC_DYNAMIC_NO_PIC = NO;
				GCC_NO_COMMON_BLOCKS = YES;
				GCC_OPTIMIZATION_LEVEL = 0;
				GCC_PREPROCESSOR_DEFINITIONS = (
					"$(inherited)",
					"DEBUG=1",
				);
				GCC_WARN_64_TO_32_BIT_CONVERSION = YES;
				GCC_WARN_ABOUT_RETURN_TYPE = YES_ERROR;
				GCC_WARN_UNDECLARED_SELECTOR = YES;
				GCC_WARN_UNINITIALIZED_AUTOS = YES_AGGRESSIVE;
				GCC_WARN_UNUSED_FUNCTION = YES;
				GCC_WARN_UNUSED_VARIABLE = YES;
				MTL_ENABLE_DEBUG_INFO = INCLUDE_SOURCE;
				MTL_FAST_MATH = YES;
				ONLY_ACTIVE_ARCH = YES;
				PRODUCT_NAME = "$(TARGET_NAME)";
				SDKROOT = iphoneos;
				SWIFT_ACTIVE_COMPILATION_CONDITIONS = DEBUG;
				SWIFT_OPTIMIZATION_LEVEL = "-Onone";
				SWIFT_VERSION = 5.0;
			};
			name = Debug;
		};
		7C2FF0F7EFF9D17498231746 /* Release */ = {
			isa = XCBuildConfiguration;
			buildSettings = {
				CODE_SIGN_IDENTITY = "";
				CURRENT_PROJECT_VERSION = 1;
				DEFINES_MODULE = YES;
				DYLIB_COMPATIBILITY_VERSION = 1;
				DYLIB_CURRENT_VERSION = 1;
				DYLIB_INSTALL_NAME_BASE = "@rpath";
				FRAMEWORK_SEARCH_PATHS = (
					"$(inherited)",
					"\"Carthage/Build\"",
				);
				INFOPLIST_FILE = "r2-navigator-swift/Info.plist";
				INSTALL_PATH = "$(LOCAL_LIBRARY_DIR)/Frameworks";
				IPHONEOS_DEPLOYMENT_TARGET = 10.0;
				LD_RUNPATH_SEARCH_PATHS = (
					"$(inherited)",
					"@executable_path/Frameworks",
				);
				LIBRARY_SEARCH_PATHS = "$(PROJECT_DIR)/Carthage";
				PRODUCT_BUNDLE_IDENTIFIER = "org.readium.r2-navigator-swift";
				PRODUCT_NAME = R2Navigator;
				SDKROOT = iphoneos;
				SKIP_INSTALL = YES;
				TARGETED_DEVICE_FAMILY = "1,2";
				VERSIONING_SYSTEM = "apple-generic";
			};
			name = Release;
		};
		AF0C7B3E639A60F3DD8159FE /* Release */ = {
			isa = XCBuildConfiguration;
			buildSettings = {
				ALWAYS_SEARCH_USER_PATHS = NO;
				CLANG_ANALYZER_NONNULL = YES;
				CLANG_ANALYZER_NUMBER_OBJECT_CONVERSION = YES_AGGRESSIVE;
				CLANG_CXX_LANGUAGE_STANDARD = "gnu++14";
				CLANG_CXX_LIBRARY = "libc++";
				CLANG_ENABLE_MODULES = YES;
				CLANG_ENABLE_OBJC_ARC = YES;
				CLANG_ENABLE_OBJC_WEAK = YES;
				CLANG_WARN_BLOCK_CAPTURE_AUTORELEASING = YES;
				CLANG_WARN_BOOL_CONVERSION = YES;
				CLANG_WARN_COMMA = YES;
				CLANG_WARN_CONSTANT_CONVERSION = YES;
				CLANG_WARN_DEPRECATED_OBJC_IMPLEMENTATIONS = YES;
				CLANG_WARN_DIRECT_OBJC_ISA_USAGE = YES_ERROR;
				CLANG_WARN_DOCUMENTATION_COMMENTS = YES;
				CLANG_WARN_EMPTY_BODY = YES;
				CLANG_WARN_ENUM_CONVERSION = YES;
				CLANG_WARN_INFINITE_RECURSION = YES;
				CLANG_WARN_INT_CONVERSION = YES;
				CLANG_WARN_NON_LITERAL_NULL_CONVERSION = YES;
				CLANG_WARN_OBJC_IMPLICIT_RETAIN_SELF = YES;
				CLANG_WARN_OBJC_LITERAL_CONVERSION = YES;
				CLANG_WARN_OBJC_ROOT_CLASS = YES_ERROR;
				CLANG_WARN_QUOTED_INCLUDE_IN_FRAMEWORK_HEADER = YES;
				CLANG_WARN_RANGE_LOOP_ANALYSIS = YES;
				CLANG_WARN_STRICT_PROTOTYPES = YES;
				CLANG_WARN_SUSPICIOUS_MOVE = YES;
				CLANG_WARN_UNGUARDED_AVAILABILITY = YES_AGGRESSIVE;
				CLANG_WARN_UNREACHABLE_CODE = YES;
				CLANG_WARN__DUPLICATE_METHOD_MATCH = YES;
				COPY_PHASE_STRIP = NO;
				DEBUG_INFORMATION_FORMAT = "dwarf-with-dsym";
				ENABLE_NS_ASSERTIONS = NO;
				ENABLE_STRICT_OBJC_MSGSEND = YES;
				GCC_C_LANGUAGE_STANDARD = gnu11;
				GCC_NO_COMMON_BLOCKS = YES;
				GCC_WARN_64_TO_32_BIT_CONVERSION = YES;
				GCC_WARN_ABOUT_RETURN_TYPE = YES_ERROR;
				GCC_WARN_UNDECLARED_SELECTOR = YES;
				GCC_WARN_UNINITIALIZED_AUTOS = YES_AGGRESSIVE;
				GCC_WARN_UNUSED_FUNCTION = YES;
				GCC_WARN_UNUSED_VARIABLE = YES;
				MTL_ENABLE_DEBUG_INFO = NO;
				MTL_FAST_MATH = YES;
				PRODUCT_NAME = "$(TARGET_NAME)";
				SDKROOT = iphoneos;
				SWIFT_COMPILATION_MODE = wholemodule;
				SWIFT_OPTIMIZATION_LEVEL = "-O";
				SWIFT_VERSION = 5.0;
			};
			name = Release;
		};
		CB6C5DB105D6FA8445DA0547 /* Debug */ = {
			isa = XCBuildConfiguration;
			buildSettings = {
				CODE_SIGN_IDENTITY = "";
				CURRENT_PROJECT_VERSION = 1;
				DEFINES_MODULE = YES;
				DYLIB_COMPATIBILITY_VERSION = 1;
				DYLIB_CURRENT_VERSION = 1;
				DYLIB_INSTALL_NAME_BASE = "@rpath";
				FRAMEWORK_SEARCH_PATHS = (
					"$(inherited)",
					"\"Carthage/Build\"",
				);
				INFOPLIST_FILE = "r2-navigator-swift/Info.plist";
				INSTALL_PATH = "$(LOCAL_LIBRARY_DIR)/Frameworks";
				IPHONEOS_DEPLOYMENT_TARGET = 10.0;
				LD_RUNPATH_SEARCH_PATHS = (
					"$(inherited)",
					"@executable_path/Frameworks",
				);
				LIBRARY_SEARCH_PATHS = "$(PROJECT_DIR)/Carthage";
				PRODUCT_BUNDLE_IDENTIFIER = "org.readium.r2-navigator-swift";
				PRODUCT_NAME = R2Navigator;
				SDKROOT = iphoneos;
				SKIP_INSTALL = YES;
				TARGETED_DEVICE_FAMILY = "1,2";
				VERSIONING_SYSTEM = "apple-generic";
			};
			name = Debug;
		};
/* End XCBuildConfiguration section */

/* Begin XCConfigurationList section */
		09BEC443704EC55361A34134 /* Build configuration list for PBXProject "r2-navigator-swift" */ = {
			isa = XCConfigurationList;
			buildConfigurations = (
				5B3E49252F828F166CAF03E5 /* Debug */,
				AF0C7B3E639A60F3DD8159FE /* Release */,
			);
			defaultConfigurationIsVisible = 0;
			defaultConfigurationName = Debug;
		};
		25AD6ADFAF320D567ABCD6BF /* Build configuration list for PBXNativeTarget "r2-navigator-swift" */ = {
			isa = XCConfigurationList;
			buildConfigurations = (
				CB6C5DB105D6FA8445DA0547 /* Debug */,
				7C2FF0F7EFF9D17498231746 /* Release */,
			);
			defaultConfigurationIsVisible = 0;
			defaultConfigurationName = Debug;
		};
/* End XCConfigurationList section */
	};
	rootObject = B54A9C4F3D5EA69ACDC65796 /* Project object */;
}
